
Microsoft Visual Studio Solution File, Format Version 12.00
# Visual Studio Version 16
VisualStudioVersion = 16.0.30128.74
MinimumVisualStudioVersion = 10.0.40219.1
Project("{FAE04EC0-301F-11D3-BF4B-00C04F79EFBC}") = "LinksPlugin", "LinksPlugin\LinksPlugin.csproj", "{B1660A5D-F363-4E41-A592-F9094F1DBC8F}"
EndProject
Global
	GlobalSection(SolutionConfigurationPlatforms) = preSolution
		Debug|Any CPU = Debug|Any CPU
		Release|Any CPU = Release|Any CPU
	EndGlobalSection
	GlobalSection(ProjectConfigurationPlatforms) = postSolution
		{B1660A5D-F363-4E41-A592-F9094F1DBC8F}.Debug|Any CPU.ActiveCfg = Debug|Any CPU
		{B1660A5D-F363-4E41-A592-F9094F1DBC8F}.Debug|Any CPU.Build.0 = Debug|Any CPU
		{B1660A5D-F363-4E41-A592-F9094F1DBC8F}.Release|Any CPU.ActiveCfg = Release|Any CPU
		{B1660A5D-F363-4E41-A592-F9094F1DBC8F}.Release|Any CPU.Build.0 = Release|Any CPU
	EndGlobalSection
	GlobalSection(SolutionProperties) = preSolution
		HideSolutionNode = FALSE
	EndGlobalSection
	GlobalSection(ExtensibilityGlobals) = postSolution
		SolutionGuid = {22426F31-A7BF-4A64-B778-409FE2848AA5}
	EndGlobalSection
EndGlobal
